
Microsoft Visual Studio Solution File, Format Version 12.00
# Visual Studio Version 17
VisualStudioVersion = 17.10.34928.147
MinimumVisualStudioVersion = 10.0.40219.1
Project("{FAE04EC0-301F-11D3-BF4B-00C04F79EFBC}") = "RentalFlix", "RentalFlix\RentalFlix.csproj", "{C2A18001-1C70-4661-B112-D0B7CC906E0D}"
EndProject
Global
	GlobalSection(SolutionConfigurationPlatforms) = preSolution
		Debug|Any CPU = Debug|Any CPU
		Release|Any CPU = Release|Any CPU
	EndGlobalSection
	GlobalSection(ProjectConfigurationPlatforms) = postSolution
		{C2A18001-1C70-4661-B112-D0B7CC906E0D}.Debug|Any CPU.ActiveCfg = Debug|Any CPU
		{C2A18001-1C70-4661-B112-D0B7CC906E0D}.Debug|Any CPU.Build.0 = Debug|Any CPU
		{C2A18001-1C70-4661-B112-D0B7CC906E0D}.Release|Any CPU.ActiveCfg = Release|Any CPU
		{C2A18001-1C70-4661-B112-D0B7CC906E0D}.Release|Any CPU.Build.0 = Release|Any CPU
	EndGlobalSection
	GlobalSection(SolutionProperties) = preSolution
		HideSolutionNode = FALSE
	EndGlobalSection
	GlobalSection(ExtensibilityGlobals) = postSolution
		SolutionGuid = {201FFA56-2A69-4824-A5F3-F4E69D259A12}
	EndGlobalSection
EndGlobal
